[{<<"erlang-serial">>,
  {git,"https://github.com/Olivier-Boudeville/erlang-serial.git",
       {ref,"94d647e0f432d17f85cf37703116f878e88ead41"}},
  0},
 {<<"myriad">>,
  {git,"https://github.com/Olivier-Boudeville/Ceylan-Myriad.git",
       {ref,"a0334e370ee983928afb6a4e2fd8cab80823e4a9"}},
  0}].
