[{<<"erlang-serial">>,
  {git,"https://github.com/Olivier-Boudeville/erlang-serial.git",
       {ref,"dce789bf9680adf8f3d100f0575097ba73a90676"}},
  0},
 {<<"myriad">>,
  {git,"https://github.com/Olivier-Boudeville/Ceylan-Myriad.git",
       {ref,"e1afe93610ff6f5b8f5e086920fecc99031a6304"}},
  0}].
