[{<<"erlang-serial">>,
  {git,"https://github.com/Olivier-Boudeville/erlang-serial.git",
       {ref,"7fcf37d148ed92bea9093d3ac39861937c9333cf"}},
  0},
 {<<"myriad">>,
  {git,"https://github.com/Olivier-Boudeville/Ceylan-Myriad.git",
       {ref,"6f4c7b8e6e134059c564eb03e72a70ce2b03497d"}},
  0}].
